
Microsoft Visual Studio Solution File, Format Version 12.00
# Visual Studio Version 17
VisualStudioVersion = 17.14.36518.9 d17.14
MinimumVisualStudioVersion = 10.0.40219.1
Project("{FAE04EC0-301F-11D3-BF4B-00C04F79EFBC}") = "QL_KTX", "QL_KTX.csproj", "{A7787747-8DE0-455C-BC45-2BFAA382621F}"
EndProject
Global
	GlobalSection(SolutionConfigurationPlatforms) = preSolution
		Debug|Any CPU = Debug|Any CPU
		Release|Any CPU = Release|Any CPU
	EndGlobalSection
	GlobalSection(ProjectConfigurationPlatforms) = postSolution
		{A7787747-8DE0-455C-BC45-2BFAA382621F}.Debug|Any CPU.ActiveCfg = Debug|Any CPU
		{A7787747-8DE0-455C-BC45-2BFAA382621F}.Debug|Any CPU.Build.0 = Debug|Any CPU
		{A7787747-8DE0-455C-BC45-2BFAA382621F}.Release|Any CPU.ActiveCfg = Release|Any CPU
		{A7787747-8DE0-455C-BC45-2BFAA382621F}.Release|Any CPU.Build.0 = Release|Any CPU
	EndGlobalSection
	GlobalSection(SolutionProperties) = preSolution
		HideSolutionNode = FALSE
	EndGlobalSection
	GlobalSection(ExtensibilityGlobals) = postSolution
		SolutionGuid = {AE73DB63-4D5C-4763-BEB7-6287018FE240}
	EndGlobalSection
EndGlobal
